
Microsoft Visual Studio Solution File, Format Version 12.00
# Visual Studio Version 16
VisualStudioVersion = 16.0.30104.148
MinimumVisualStudioVersion = 10.0.40219.1
Project("{FAE04EC0-301F-11D3-BF4B-00C04F79EFBC}") = "RestauracjaWebAPP", "RestauracjaWebAPP\RestauracjaWebAPP.csproj", "{A5C25732-8F82-4226-B9A6-5C0B95CEA28E}"
EndProject
Global
	GlobalSection(SolutionConfigurationPlatforms) = preSolution
		Debug|Any CPU = Debug|Any CPU
		Release|Any CPU = Release|Any CPU
	EndGlobalSection
	GlobalSection(ProjectConfigurationPlatforms) = postSolution
		{A5C25732-8F82-4226-B9A6-5C0B95CEA28E}.Debug|Any CPU.ActiveCfg = Debug|Any CPU
		{A5C25732-8F82-4226-B9A6-5C0B95CEA28E}.Debug|Any CPU.Build.0 = Debug|Any CPU
		{A5C25732-8F82-4226-B9A6-5C0B95CEA28E}.Release|Any CPU.ActiveCfg = Release|Any CPU
		{A5C25732-8F82-4226-B9A6-5C0B95CEA28E}.Release|Any CPU.Build.0 = Release|Any CPU
	EndGlobalSection
	GlobalSection(SolutionProperties) = preSolution
		HideSolutionNode = FALSE
	EndGlobalSection
	GlobalSection(ExtensibilityGlobals) = postSolution
		SolutionGuid = {BD1B140A-051C-4193-91A7-B414BF1E579B}
	EndGlobalSection
EndGlobal
